// !$*UTF8*$!
{
	archiveVersion = 1;
	classes = {
	};
	objectVersion = 48;
	objects = {

/* Begin PBXBuildFile section */
		C164A0DD20909BC5009DD4A4 /* AppDelegate.swift in Sources */ = {isa = PBXBuildFile; fileRef = C164A0DC20909BC4009DD4A4 /* AppDelegate.swift */; };
		C164A0DF20909BC5009DD4A4 /* ViewController.swift in Sources */ = {isa = PBXBuildFile; fileRef = C164A0DE20909BC5009DD4A4 /* ViewController.swift */; };
		C164A0E220909BC5009DD4A4 /* Main.storyboard in Resources */ = {isa = PBXBuildFile; fileRef = C164A0E020909BC5009DD4A4 /* Main.storyboard */; };
		C164A0E420909BC6009DD4A4 /* Assets.xcassets in Resources */ = {isa = PBXBuildFile; fileRef = C164A0E320909BC6009DD4A4 /* Assets.xcassets */; };
		C164A0E720909BC6009DD4A4 /* LaunchScreen.storyboard in Resources */ = {isa = PBXBuildFile; fileRef = C164A0E520909BC6009DD4A4 /* LaunchScreen.storyboard */; };
		C164A0EF20909CA3009DD4A4 /* BlinkingLabel.swift in Sources */ = {isa = PBXBuildFile; fileRef = C164A0EE20909CA3009DD4A4 /* BlinkingLabel.swift */; };
/* End PBXBuildFile section */

/* Begin PBXFileReference section */
		C164A0D920909BC4009DD4A4 /* Blink.app */ = {isa = PBXFileReference; explicitFileType = wrapper.application; includeInIndex = 0; path = Blink.app; sourceTree = BUILT_PRODUCTS_DIR; };
		C164A0DC20909BC4009DD4A4 /* AppDelegate.swift */ = {isa = PBXFileReference; lastKnownFileType = sourcecode.swift; path = AppDelegate.swift; sourceTree = "<group>"; };
		C164A0DE20909BC5009DD4A4 /* ViewController.swift */ = {isa = PBXFileReference; lastKnownFileType = sourcecode.swift; path = ViewController.swift; sourceTree = "<group>"; };
		C164A0E120909BC5009DD4A4 /* Base */ = {isa = PBXFileReference; lastKnownFileType = file.storyboard; name = Base; path = Base.lproj/Main.storyboard; sourceTree = "<group>"; };
		C164A0E320909BC6009DD4A4 /* Assets.xcassets */ = {isa = PBXFileReference; lastKnownFileType = folder.assetcatalog; path = Assets.xcassets; sourceTree = "<group>"; };
		C164A0E620909BC6009DD4A4 /* Base */ = {isa = PBXFileReference; lastKnownFileType = file.storyboard; name = Base; path = Base.lproj/LaunchScreen.storyboard; sourceTree = "<group>"; };
		C164A0E820909BC6009DD4A4 /* Info.plist */ = {isa = PBXFileReference; lastKnownFileType = text.plist.xml; path = Info.plist; sourceTree = "<group>"; };
		C164A0EE20909CA3009DD4A4 /* BlinkingLabel.swift */ = {isa = PBXFileReference; lastKnownFileType = sourcecode.swift; path = BlinkingLabel.swift; sourceTree = "<group>"; };
/* End PBXFileReference section */

/* Begin PBXFrameworksBuildPhase section */
		C164A0D620909BC4009DD4A4 /* Frameworks */ = {
			isa = PBXFrameworksBuildPhase;
			buildActionMask = 2147483647;
			files = (
			);
			runOnlyForDeploymentPostprocessing = 0;
		};
/* End PBXFrameworksBuildPhase section */

/* Begin PBXGroup section */
		C164A0D020909BC3009DD4A4 = {
			isa = PBXGroup;
			children = (
				C164A0DB20909BC4009DD4A4 /* Blink */,
				C164A0DA20909BC4009DD4A4 /* Products */,
			);
			sourceTree = "<group>";
		};
		C164A0DA20909BC4009DD4A4 /* Products */ = {
			isa = PBXGroup;
			children = (
				C164A0D920909BC4009DD4A4 /* Blink.app */,
			);
			name = Products;
			sourceTree = "<group>";
		};
		C164A0DB20909BC4009DD4A4 /* Blink */ = {
			isa = PBXGroup;
			children = (
				C164A0DC20909BC4009DD4A4 /* AppDelegate.swift */,
				C164A0DE20909BC5009DD4A4 /* ViewController.swift */,
				C164A0EE20909CA3009DD4A4 /* BlinkingLabel.swift */,
				C164A0E020909BC5009DD4A4 /* Main.storyboard */,
				C164A0E320909BC6009DD4A4 /* Assets.xcassets */,
				C164A0E520909BC6009DD4A4 /* LaunchScreen.storyboard */,
				C164A0E820909BC6009DD4A4 /* Info.plist */,
			);
			path = Blink;
			sourceTree = "<group>";
		};
/* End PBXGroup section */

/* Begin PBXNativeTarget section */
		C164A0D820909BC4009DD4A4 /* Blink */ = {
			isa = PBXNativeTarget;
			buildConfigurationList = C164A0EB20909BC6009DD4A4 /* Build configuration list for PBXNativeTarget "Blink" */;
			buildPhases = (
				C164A0D520909BC4009DD4A4 /* Sources */,
				C164A0D620909BC4009DD4A4 /* Frameworks */,
				C164A0D720909BC4009DD4A4 /* Resources */,
			);
			buildRules = (
			);
			dependencies = (
			);
			name = Blink;
			productName = Blink;
			productReference = C164A0D920909BC4009DD4A4 /* Blink.app */;
			productType = "com.apple.product-type.application";
		};
/* End PBXNativeTarget section */

/* Begin PBXProject section */
		C164A0D120909BC4009DD4A4 /* Project object */ = {
			isa = PBXProject;
			attributes = {
				LastSwiftUpdateCheck = 0920;
				LastUpgradeCheck = 0920;
				ORGANIZATIONNAME = teamta;
				TargetAttributes = {
					C164A0D820909BC4009DD4A4 = {
						CreatedOnToolsVersion = 9.2;
						ProvisioningStyle = Manual;
					};
				};
			};
			buildConfigurationList = C164A0D420909BC4009DD4A4 /* Build configuration list for PBXProject "Blink" */;
			compatibilityVersion = "Xcode 8.0";
			developmentRegion = en;
			hasScannedForEncodings = 0;
			knownRegions = (
				en,
				Base,
			);
			mainGroup = C164A0D020909BC3009DD4A4;
			productRefGroup = C164A0DA20909BC4009DD4A4 /* Products */;
			projectDirPath = "";
			projectRoot = "";
			targets = (
				C164A0D820909BC4009DD4A4 /* Blink */,
			);
		};
/* End PBXProject section */

/* Begin PBXResourcesBuildPhase section */
		C164A0D720909BC4009DD4A4 /* Resources */ = {
			isa = PBXResourcesBuildPhase;
			buildActionMask = 2147483647;
			files = (
				C164A0E720909BC6009DD4A4 /* LaunchScreen.storyboard in Resources */,
				C164A0E420909BC6009DD4A4 /* Assets.xcassets in Resources */,
				C164A0E220909BC5009DD4A4 /* Main.storyboard in Resources */,
			);
			runOnlyForDeploymentPostprocessing = 0;
		};
/* End PBXResourcesBuildPhase section */

/* Begin PBXSourcesBuildPhase section */
		C164A0D520909BC4009DD4A4 /* Sources */ = {
			isa = PBXSourcesBuildPhase;
			buildActionMask = 2147483647;
			files = (
				C164A0EF20909CA3009DD4A4 /* BlinkingLabel.swift in Sources */,
				C164A0DF20909BC5009DD4A4 /* ViewController.swift in Sources */,
				C164A0DD20909BC5009DD4A4 /* AppDelegate.swift in Sources */,
			);
			runOnlyForDeploymentPostprocessing = 0;
		};
/* End PBXSourcesBuildPhase section */

/* Begin PBXVariantGroup section */
		C164A0E020909BC5009DD4A4 /* Main.storyboard */ = {
			isa = PBXVariantGroup;
			children = (
				C164A0E120909BC5009DD4A4 /* Base */,
			);
			name = Main.storyboard;
			sourceTree = "<group>";
		};
		C164A0E520909BC6009DD4A4 /* LaunchScreen.storyboard */ = {
			isa = PBXVariantGroup;
			children = (
				C164A0E620909BC6009DD4A4 /* Base */,
			);
			name = LaunchScreen.storyboard;
			sourceTree = "<group>";
		};
/* End PBXVariantGroup section */

/* Begin XCBuildConfiguration section */
		C164A0E920909BC6009DD4A4 /* Debug */ = {
			isa = XCBuildConfiguration;
			buildSettings = {
				ALWAYS_SEARCH_USER_PATHS = NO;
				CLANG_ANALYZER_NONNULL = YES;
				CLANG_ANALYZER_NUMBER_OBJECT_CONVERSION = YES_AGGRESSIVE;
				CLANG_CXX_LANGUAGE_STANDARD = "gnu++14";
				CLANG_CXX_LIBRARY = "libc++";
				CLANG_ENABLE_MODULES = YES;
				CLANG_ENABLE_OBJC_ARC = YES;
				CLANG_WARN_BLOCK_CAPTURE_AUTORELEASING = YES;
				CLANG_WARN_BOOL_CONVERSION = YES;
				CLANG_WARN_COMMA = YES;
				CLANG_WARN_CONSTANT_CONVERSION = YES;
				CLANG_WARN_DIRECT_OBJC_ISA_USAGE = YES_ERROR;
				CLANG_WARN_DOCUMENTATION_COMMENTS = YES;
				CLANG_WARN_EMPTY_BODY = YES;
				CLANG_WARN_ENUM_CONVERSION = YES;
				CLANG_WARN_INFINITE_RECURSION = YES;
				CLANG_WARN_INT_CONVERSION = YES;
				CLANG_WARN_NON_LITERAL_NULL_CONVERSION = YES;
				CLANG_WARN_OBJC_LITERAL_CONVERSION = YES;
				CLANG_WARN_OBJC_ROOT_CLASS = YES_ERROR;
				CLANG_WARN_RANGE_LOOP_ANALYSIS = YES;
				CLANG_WARN_STRICT_PROTOTYPES = YES;
				CLANG_WARN_SUSPICIOUS_MOVE = YES;
				CLANG_WARN_UNGUARDED_AVAILABILITY = YES_AGGRESSIVE;
				CLANG_WARN_UNREACHABLE_CODE = YES;
				CLANG_WARN__DUPLICATE_METHOD_MATCH = YES;
				CODE_SIGN_IDENTITY = "iPhone Developer";
				COPY_PHASE_STRIP = NO;
				DEBUG_INFORMATION_FORMAT = dwarf;
				ENABLE_STRICT_OBJC_MSGSEND = YES;
				ENABLE_TESTABILITY = YES;
				GCC_C_LANGUAGE_STANDARD = gnu11;
				GCC_DYNAMIC_NO_PIC = NO;
				GCC_NO_COMMON_BLOCKS = YES;
				GCC_OPTIMIZATION_LEVEL = 0;
				GCC_PREPROCESSOR_DEFINITIONS = (
					"DEBUG=1",
					"$(inherited)",
				);
				GCC_WARN_64_TO_32_BIT_CONVERSION = YES;
				GCC_WARN_ABOUT_RETURN_TYPE = YES_ERROR;
				GCC_WARN_UNDECLARED_SELECTOR = YES;
				GCC_WARN_UNINITIALIZED_AUTOS = YES_AGGRESSIVE;
				GCC_WARN_UNUSED_FUNCTION = YES;
				GCC_WARN_UNUSED_VARIABLE = YES;
				IPHONEOS_DEPLOYMENT_TARGET = 11.2;
				MTL_ENABLE_DEBUG_INFO = YES;
				ONLY_ACTIVE_ARCH = YES;
				SDKROOT = iphoneos;
				SWIFT_ACTIVE_COMPILATION_CONDITIONS = DEBUG;
				SWIFT_OPTIMIZATION_LEVEL = "-Onone";
			};
			name = Debug;
		};
		C164A0EA20909BC6009DD4A4 /* Release */ = {
			isa = XCBuildConfiguration;
			buildSettings = {
				ALWAYS_SEARCH_USER_PATHS = NO;
				CLANG_ANALYZER_NONNULL = YES;
				CLANG_ANALYZER_NUMBER_OBJECT_CONVERSION = YES_AGGRESSIVE;
				CLANG_CXX_LANGUAGE_STANDARD = "gnu++14";
				CLANG_CXX_LIBRARY = "libc++";
				CLANG_ENABLE_MODULES = YES;
				CLANG_ENABLE_OBJC_ARC = YES;
				CLANG_WARN_BLOCK_CAPTURE_AUTORELEASING = YES;
				CLANG_WARN_BOOL_CONVERSION = YES;
				CLANG_WARN_COMMA = YES;
				CLANG_WARN_CONSTANT_CONVERSION = YES;
				CLANG_WARN_DIRECT_OBJC_ISA_USAGE = YES_ERROR;
				CLANG_WARN_DOCUMENTATION_COMMENTS = YES;
				CLANG_WARN_EMPTY_BODY = YES;
				CLANG_WARN_ENUM_CONVERSION = YES;
				CLANG_WARN_INFINITE_RECURSION = YES;
				CLANG_WARN_INT_CONVERSION = YES;
				CLANG_WARN_NON_LITERAL_NULL_CONVERSION = YES;
				CLANG_WARN_OBJC_LITERAL_CONVERSION = YES;
				CLANG_WARN_OBJC_ROOT_CLASS = YES_ERROR;
				CLANG_WARN_RANGE_LOOP_ANALYSIS = YES;
				CLANG_WARN_STRICT_PROTOTYPES = YES;
				CLANG_WARN_SUSPICIOUS_MOVE = YES;
				CLANG_WARN_UNGUARDED_AVAILABILITY = YES_AGGRESSIVE;
				CLANG_WARN_UNREACHABLE_CODE = YES;
				CLANG_WARN__DUPLICATE_METHOD_MATCH = YES;
				CODE_SIGN_IDENTITY = "iPhone Developer";
				COPY_PHASE_STRIP = NO;
				DEBUG_INFORMATION_FORMAT = "dwarf-with-dsym";
				ENABLE_NS_ASSERTIONS = NO;
				ENABLE_STRICT_OBJC_MSGSEND = YES;
				GCC_C_LANGUAGE_STANDARD = gnu11;
				GCC_NO_COMMON_BLOCKS = YES;
				GCC_WARN_64_TO_32_BIT_CONVERSION = YES;
				GCC_WARN_ABOUT_RETURN_TYPE = YES_ERROR;
				GCC_WARN_UNDECLARED_SELECTOR = YES;
				GCC_WARN_UNINITIALIZED_AUTOS = YES_AGGRESSIVE;
				GCC_WARN_UNUSED_FUNCTION = YES;
				GCC_WARN_UNUSED_VARIABLE = YES;
				IPHONEOS_DEPLOYMENT_TARGET = 11.2;
				MTL_ENABLE_DEBUG_INFO = NO;
				SDKROOT = iphoneos;
				SWIFT_OPTIMIZATION_LEVEL = "-Owholemodule";
				VALIDATE_PRODUCT = YES;
			};
			name = Release;
		};
		C164A0EC20909BC6009DD4A4 /* Debug */ = {
			isa = XCBuildConfiguration;
			buildSettings = {
				ASSETCATALOG_COMPILER_APPICON_NAME = AppIcon;
				CODE_SIGN_IDENTITY = "iPhone Developer: Baas Mannarasala (T65WLQC25Q)";
				CODE_SIGN_STYLE = Manual;
				DEVELOPMENT_TEAM = "";
				INFOPLIST_FILE = Blink/Info.plist;
				IPHONEOS_DEPLOYMENT_TARGET = 10.0;
				LD_RUNPATH_SEARCH_PATHS = "$(inherited) @executable_path/Frameworks";
				PRODUCT_BUNDLE_IDENTIFIER = com.teamta.Blink;
				PRODUCT_NAME = "$(TARGET_NAME)";
				PROVISIONING_PROFILE = "ae1f72e9-a195-4026-89c3-770cab2a0706";
				PROVISIONING_PROFILE_SPECIFIER = iOS_Development_All_App;
				SWIFT_VERSION = 4.0;
				TARGETED_DEVICE_FAMILY = "1,2";
			};
			name = Debug;
		};
		C164A0ED20909BC6009DD4A4 /* Release */ = {
			isa = XCBuildConfiguration;
			buildSettings = {
				ASSETCATALOG_COMPILER_APPICON_NAME = AppIcon;
				CODE_SIGN_IDENTITY = "iPhone Developer: Baas Mannarasala (T65WLQC25Q)";
				CODE_SIGN_STYLE = Manual;
				DEVELOPMENT_TEAM = "";
				INFOPLIST_FILE = Blink/Info.plist;
				IPHONEOS_DEPLOYMENT_TARGET = 10.0;
				LD_RUNPATH_SEARCH_PATHS = "$(inherited) @executable_path/Frameworks";
				PRODUCT_BUNDLE_IDENTIFIER = com.teamta.Blink;
				PRODUCT_NAME = "$(TARGET_NAME)";
				PROVISIONING_PROFILE = "ae1f72e9-a195-4026-89c3-770cab2a0706";
				PROVISIONING_PROFILE_SPECIFIER = iOS_Development_All_App;
				SWIFT_VERSION = 4.0;
				TARGETED_DEVICE_FAMILY = "1,2";
			};
			name = Release;
		};
/* End XCBuildConfiguration section */

/* Begin XCConfigurationList section */
		C164A0D420909BC4009DD4A4 /* Build configuration list for PBXProject "Blink" */ = {
			isa = XCConfigurationList;
			buildConfigurations = (
				C164A0E920909BC6009DD4A4 /* Debug */,
				C164A0EA20909BC6009DD4A4 /* Release */,
			);
			defaultConfigurationIsVisible = 0;
			defaultConfigurationName = Release;
		};
		C164A0EB20909BC6009DD4A4 /* Build configuration list for PBXNativeTarget "Blink" */ = {
			isa = XCConfigurationList;
			buildConfigurations = (
				C164A0EC20909BC6009DD4A4 /* Debug */,
				C164A0ED20909BC6009DD4A4 /* Release */,
			);
			defaultConfigurationIsVisible = 0;
			defaultConfigurationName = Release;
		};
/* End XCConfigurationList section */
	};
	rootObject = C164A0D120909BC4009DD4A4 /* Project object */;
}
